
Microsoft Visual Studio Solution File, Format Version 12.00
# Visual Studio Version 17
VisualStudioVersion = 17.1.32414.318
MinimumVisualStudioVersion = 10.0.40219.1
Project("{FAE04EC0-301F-11D3-BF4B-00C04F79EFBC}") = "TestTelegramBot", "TestTelegramBot\TestTelegramBot.csproj", "{AE457EF7-3A3F-4CD1-8A9F-CFEA3983EF0A}"
EndProject
Global
	GlobalSection(SolutionConfigurationPlatforms) = preSolution
		Debug|Any CPU = Debug|Any CPU
		Release|Any CPU = Release|Any CPU
	EndGlobalSection
	GlobalSection(ProjectConfigurationPlatforms) = postSolution
		{AE457EF7-3A3F-4CD1-8A9F-CFEA3983EF0A}.Debug|Any CPU.ActiveCfg = Debug|Any CPU
		{AE457EF7-3A3F-4CD1-8A9F-CFEA3983EF0A}.Debug|Any CPU.Build.0 = Debug|Any CPU
		{AE457EF7-3A3F-4CD1-8A9F-CFEA3983EF0A}.Release|Any CPU.ActiveCfg = Release|Any CPU
		{AE457EF7-3A3F-4CD1-8A9F-CFEA3983EF0A}.Release|Any CPU.Build.0 = Release|Any CPU
	EndGlobalSection
	GlobalSection(SolutionProperties) = preSolution
		HideSolutionNode = FALSE
	EndGlobalSection
	GlobalSection(ExtensibilityGlobals) = postSolution
		SolutionGuid = {61E7E464-3BA9-4C8A-A80D-ACD436ABCE3D}
	EndGlobalSection
EndGlobal
